Microsoft Visual Studio Solution File, Format Version 12.00
# Visual Studio 2013
VisualStudioVersion = 12.0.30501.0
MinimumVisualStudioVersion = 10.0.40219.1
Project("{FAE04EC0-301F-11D3-BF4B-00C04F79EFBC}") = "VideoInputSharp.Sample", "VideoInputSharp.Sample\VideoInputSharp.Sample.csproj", "{2D0BAF78-4537-41E0-8B43-0D595F89587B}"
EndProject
Project("{8BC9CEB8-8B4A-11D0-8D11-00A0C91BC942}") = "VideoInputSharp", "VideoInputSharp\VideoInputSharp.vcxproj", "{65CF4EE0-4E4D-4073-8AAF-08243B17354B}"
EndProject
Global
	GlobalSection(SolutionConfigurationPlatforms) = preSolution
		Debug|Any CPU = Debug|Any CPU
		Debug|Mixed Platforms = Debug|Mixed Platforms
		Debug|Win32 = Debug|Win32
		Debug|x64 = Debug|x64
		Debug|x86 = Debug|x86
		Release|Any CPU = Release|Any CPU
		Release|Mixed Platforms = Release|Mixed Platforms
		Release|Win32 = Release|Win32
		Release|x64 = Release|x64
		Release|x86 = Release|x86
	EndGlobalSection
	GlobalSection(ProjectConfigurationPlatforms) = postSolution
		{2D0BAF78-4537-41E0-8B43-0D595F89587B}.Debug|Any CPU.ActiveCfg = Debug|Any CPU
		{2D0BAF78-4537-41E0-8B43-0D595F89587B}.Debug|Any CPU.Build.0 = Debug|Any CPU
		{2D0BAF78-4537-41E0-8B43-0D595F89587B}.Debug|Mixed Platforms.ActiveCfg = Debug|Any CPU
		{2D0BAF78-4537-41E0-8B43-0D595F89587B}.Debug|Mixed Platforms.Build.0 = Debug|Any CPU
		{2D0BAF78-4537-41E0-8B43-0D595F89587B}.Debug|Win32.ActiveCfg = Debug|Any CPU
		{2D0BAF78-4537-41E0-8B43-0D595F89587B}.Debug|Win32.Build.0 = Debug|Any CPU
		{2D0BAF78-4537-41E0-8B43-0D595F89587B}.Debug|x64.ActiveCfg = Debug|x64
		{2D0BAF78-4537-41E0-8B43-0D595F89587B}.Debug|x64.Build.0 = Debug|x64
		{2D0BAF78-4537-41E0-8B43-0D595F89587B}.Debug|x86.ActiveCfg = Debug|x86
		{2D0BAF78-4537-41E0-8B43-0D595F89587B}.Debug|x86.Build.0 = Debug|x86
		{2D0BAF78-4537-41E0-8B43-0D595F89587B}.Release|Any CPU.ActiveCfg = Release|Any CPU
		{2D0BAF78-4537-41E0-8B43-0D595F89587B}.Release|Any CPU.Build.0 = Release|Any CPU
		{2D0BAF78-4537-41E0-8B43-0D595F89587B}.Release|Mixed Platforms.ActiveCfg = Release|Any CPU
		{2D0BAF78-4537-41E0-8B43-0D595F89587B}.Release|Mixed Platforms.Build.0 = Release|Any CPU
		{2D0BAF78-4537-41E0-8B43-0D595F89587B}.Release|Win32.ActiveCfg = Release|Any CPU
		{2D0BAF78-4537-41E0-8B43-0D595F89587B}.Release|Win32.Build.0 = Release|Any CPU
		{2D0BAF78-4537-41E0-8B43-0D595F89587B}.Release|x64.ActiveCfg = Release|x64
		{2D0BAF78-4537-41E0-8B43-0D595F89587B}.Release|x64.Build.0 = Release|x64
		{2D0BAF78-4537-41E0-8B43-0D595F89587B}.Release|x86.ActiveCfg = Release|x86
		{2D0BAF78-4537-41E0-8B43-0D595F89587B}.Release|x86.Build.0 = Release|x86
		{65CF4EE0-4E4D-4073-8AAF-08243B17354B}.Debug|Any CPU.ActiveCfg = Debug|Win32
		{65CF4EE0-4E4D-4073-8AAF-08243B17354B}.Debug|Mixed Platforms.ActiveCfg = Debug|Win32
		{65CF4EE0-4E4D-4073-8AAF-08243B17354B}.Debug|Mixed Platforms.Build.0 = Debug|Win32
		{65CF4EE0-4E4D-4073-8AAF-08243B17354B}.Debug|Win32.ActiveCfg = Debug|Win32
		{65CF4EE0-4E4D-4073-8AAF-08243B17354B}.Debug|Win32.Build.0 = Debug|Win32
		{65CF4EE0-4E4D-4073-8AAF-08243B17354B}.Debug|x64.ActiveCfg = Debug|x64
		{65CF4EE0-4E4D-4073-8AAF-08243B17354B}.Debug|x64.Build.0 = Debug|x64
		{65CF4EE0-4E4D-4073-8AAF-08243B17354B}.Debug|x86.ActiveCfg = Debug|Win32
		{65CF4EE0-4E4D-4073-8AAF-08243B17354B}.Debug|x86.Build.0 = Debug|Win32
		{65CF4EE0-4E4D-4073-8AAF-08243B17354B}.Release|Any CPU.ActiveCfg = Release|Win32
		{65CF4EE0-4E4D-4073-8AAF-08243B17354B}.Release|Mixed Platforms.ActiveCfg = Release|Win32
		{65CF4EE0-4E4D-4073-8AAF-08243B17354B}.Release|Mixed Platforms.Build.0 = Release|Win32
		{65CF4EE0-4E4D-4073-8AAF-08243B17354B}.Release|Win32.ActiveCfg = Release|Win32
		{65CF4EE0-4E4D-4073-8AAF-08243B17354B}.Release|Win32.Build.0 = Release|Win32
		{65CF4EE0-4E4D-4073-8AAF-08243B17354B}.Release|x64.ActiveCfg = Release|Win32
		{65CF4EE0-4E4D-4073-8AAF-08243B17354B}.Release|x64.Build.0 = Release|Win32
		{65CF4EE0-4E4D-4073-8AAF-08243B17354B}.Release|x86.ActiveCfg = Release|Win32
		{65CF4EE0-4E4D-4073-8AAF-08243B17354B}.Release|x86.Build.0 = Release|Win32
	EndGlobalSection
	GlobalSection(SolutionProperties) = preSolution
		HideSolutionNode = FALSE
	EndGlobalSection
EndGlobal
